NeoBundleLock ag.vim e70862d6436e8d7e9166208a703b5d60a5b384ab
NeoBundleLock neobundle.vim 02bd438c42748980d21f6a01860f383e9cc62335
NeoBundleLock neomru.vim e72bef33c7f6af3d17c9968f9ac7bb2fda2a2bde
NeoBundleLock open-browser.vim 7401abae649219708cc09a50e4f8967c5a11083c
NeoBundleLock unite.vim f09eeda8bacee73a7ebcfe5f2c235c3777b0d230
NeoBundleLock vim-markdown 409c37b205afa2f9d590e23de8171482d66770e2
NeoBundleLock vim-quickrun c7800ea3d01209da678708e4d3b5175009551807
NeoBundleLock vim-ref 70741519b70a67623d1e5d56d50764491b7582ea
NeoBundleLock vimproc c286dcbdfca9e0ee1a4cb90f09c3f03638112f5a
