NeoBundleLock ag.vim c478f7973074f15bbf82c298a1678b4e23f1767a
NeoBundleLock indentLine 300c719b3e0348a65457109386ded3f32f7cd319
NeoBundleLock neobundle.vim 69c65de516c8a02853743053e6602b90a1a82c8e
NeoBundleLock neomru.vim 8aa00e181bb764956a40764ae325a485a93f513a
NeoBundleLock open-browser.vim e17535850b8096b79907df9059fb43c51448f038
NeoBundleLock unite.vim 3e8f3133544ebbde9088231e0d59a8a15feeca1d
NeoBundleLock vim-fugitive dba8a0705d95cda76d599bb7d09964d67741a5c5
NeoBundleLock vim-markdown 15d19778a3be4ab3f949cba636d53a87e2c03f29
NeoBundleLock vim-quickrun 9fff9e5f12fcea45637821e30e6dbee05e748854
NeoBundleLock vim-ref 007b0ac409100cf2b83eb7dace5c8235e3737fef
NeoBundleLock vimproc 18b518260b3a517bf4f3fa7e75242f8b3567c0f8
